
Microsoft Visual Studio Solution File, Format Version 12.00
# Visual Studio Version 17
VisualStudioVersion = 17.14.36310.24
MinimumVisualStudioVersion = 10.0.40219.1
Project("{FAE04EC0-301F-11D3-BF4B-00C04F79EFBC}") = "TimesheetPro.UI", "TimesheetPro.UI\TimesheetPro.UI.csproj", "{05990543-90BF-439E-8C1B-BA3547E58AD9}"
EndProject
Project("{FAE04EC0-301F-11D3-BF4B-00C04F79EFBC}") = "TimesheetPro.Core", "TimesheetPro.Core\TimesheetPro.Core.csproj", "{3DCA0D59-2EAB-4097-BC2B-96527DD625C2}"
EndProject
Project("{FAE04EC0-301F-11D3-BF4B-00C04F79EFBC}") = "TimesheetPro.Infrastructure", "TimesheetPro.Infrastructure\TimesheetPro.Infrastructure.csproj", "{144B4173-85E1-4859-A1C2-02E0E019D93B}"
EndProject
Project("{FAE04EC0-301F-11D3-BF4B-00C04F79EFBC}") = "TimesheetPro.ServiceTests", "TimesheetPro.ServiceTests\TimesheetPro.ServiceTests.csproj", "{5BF1C95C-1FD1-42D9-85BD-50B0066DC946}"
EndProject
Project("{2150E333-8FDC-42A3-9474-1A3956D46DE8}") = "Solution Items", "Solution Items", "{8EC462FD-D22E-90A8-E5CE-7E832BA40C5D}"
	ProjectSection(SolutionItems) = preProject
		.gitignore = .gitignore
	EndProjectSection
EndProject
Global
	GlobalSection(SolutionConfigurationPlatforms) = preSolution
		Debug|Any CPU = Debug|Any CPU
		Release|Any CPU = Release|Any CPU
	EndGlobalSection
	GlobalSection(ProjectConfigurationPlatforms) = postSolution
		{05990543-90BF-439E-8C1B-BA3547E58AD9}.Debug|Any CPU.ActiveCfg = Debug|Any CPU
		{05990543-90BF-439E-8C1B-BA3547E58AD9}.Debug|Any CPU.Build.0 = Debug|Any CPU
		{05990543-90BF-439E-8C1B-BA3547E58AD9}.Release|Any CPU.ActiveCfg = Release|Any CPU
		{05990543-90BF-439E-8C1B-BA3547E58AD9}.Release|Any CPU.Build.0 = Release|Any CPU
		{3DCA0D59-2EAB-4097-BC2B-96527DD625C2}.Debug|Any CPU.ActiveCfg = Debug|Any CPU
		{3DCA0D59-2EAB-4097-BC2B-96527DD625C2}.Debug|Any CPU.Build.0 = Debug|Any CPU
		{3DCA0D59-2EAB-4097-BC2B-96527DD625C2}.Release|Any CPU.ActiveCfg = Release|Any CPU
		{3DCA0D59-2EAB-4097-BC2B-96527DD625C2}.Release|Any CPU.Build.0 = Release|Any CPU
		{144B4173-85E1-4859-A1C2-02E0E019D93B}.Debug|Any CPU.ActiveCfg = Debug|Any CPU
		{144B4173-85E1-4859-A1C2-02E0E019D93B}.Debug|Any CPU.Build.0 = Debug|Any CPU
		{144B4173-85E1-4859-A1C2-02E0E019D93B}.Release|Any CPU.ActiveCfg = Release|Any CPU
		{144B4173-85E1-4859-A1C2-02E0E019D93B}.Release|Any CPU.Build.0 = Release|Any CPU
		{5BF1C95C-1FD1-42D9-85BD-50B0066DC946}.Debug|Any CPU.ActiveCfg = Debug|Any CPU
		{5BF1C95C-1FD1-42D9-85BD-50B0066DC946}.Debug|Any CPU.Build.0 = Debug|Any CPU
		{5BF1C95C-1FD1-42D9-85BD-50B0066DC946}.Release|Any CPU.ActiveCfg = Release|Any CPU
		{5BF1C95C-1FD1-42D9-85BD-50B0066DC946}.Release|Any CPU.Build.0 = Release|Any CPU
	EndGlobalSection
	GlobalSection(SolutionProperties) = preSolution
		HideSolutionNode = FALSE
	EndGlobalSection
	GlobalSection(ExtensibilityGlobals) = postSolution
		SolutionGuid = {950F08B8-564E-4F37-9581-4F82EAC4414B}
	EndGlobalSection
EndGlobal
